
Microsoft Visual Studio Solution File, Format Version 12.00
# Visual Studio Version 16
VisualStudioVersion = 16.0.31313.79
MinimumVisualStudioVersion = 10.0.40219.1
Project("{FAE04EC0-301F-11D3-BF4B-00C04F79EFBC}") = "WalletPlanifier", "WalletPlanifier\WalletPlanifier.csproj", "{588D54E8-2A88-43F2-AF7F-B8BC59749E51}"
EndProject
Project("{2150E333-8FDC-42A3-9474-1A3956D46DE8}") = "src", "src", "{463F0451-D80A-458F-A0B7-F34F51144A6F}"
EndProject
Project("{2150E333-8FDC-42A3-9474-1A3956D46DE8}") = "test", "test", "{1233A72C-5DC7-4EAC-94E1-563EA362B851}"
EndProject
Project("{FAE04EC0-301F-11D3-BF4B-00C04F79EFBC}") = "WalletPlanifier.Domain", "WalletPlanifier.Domain\WalletPlanifier.Domain.csproj", "{C164A3E9-4FCE-428F-B7CC-40A66805E2B0}"
EndProject
Project("{FAE04EC0-301F-11D3-BF4B-00C04F79EFBC}") = "WalletPlanifier.DataAccess", "WalletPlanifier.DataAccess\WalletPlanifier.DataAccess.csproj", "{278DCE37-2C92-4912-A124-2D7E1ADF3DD3}"
EndProject
Project("{FAE04EC0-301F-11D3-BF4B-00C04F79EFBC}") = "WalletPlanifier.Common", "WalletPlanifier.Common\WalletPlanifier.Common.csproj", "{7E53AB2B-85D9-4FEA-8965-7166B93FB9DA}"
EndProject
Project("{FAE04EC0-301F-11D3-BF4B-00C04F79EFBC}") = "WalletPlanifier.BusinessLogic", "WalletPlanifier.BusinessLogic\WalletPlanifier.BusinessLogic.csproj", "{746088BF-8DCC-4453-B577-CC823D664220}"
EndProject
Global
	GlobalSection(SolutionConfigurationPlatforms) = preSolution
		Debug|Any CPU = Debug|Any CPU
		Release|Any CPU = Release|Any CPU
	EndGlobalSection
	GlobalSection(ProjectConfigurationPlatforms) = postSolution
		{588D54E8-2A88-43F2-AF7F-B8BC59749E51}.Debug|Any CPU.ActiveCfg = Debug|Any CPU
		{588D54E8-2A88-43F2-AF7F-B8BC59749E51}.Debug|Any CPU.Build.0 = Debug|Any CPU
		{588D54E8-2A88-43F2-AF7F-B8BC59749E51}.Release|Any CPU.ActiveCfg = Release|Any CPU
		{588D54E8-2A88-43F2-AF7F-B8BC59749E51}.Release|Any CPU.Build.0 = Release|Any CPU
		{C164A3E9-4FCE-428F-B7CC-40A66805E2B0}.Debug|Any CPU.ActiveCfg = Debug|Any CPU
		{C164A3E9-4FCE-428F-B7CC-40A66805E2B0}.Debug|Any CPU.Build.0 = Debug|Any CPU
		{C164A3E9-4FCE-428F-B7CC-40A66805E2B0}.Release|Any CPU.ActiveCfg = Release|Any CPU
		{C164A3E9-4FCE-428F-B7CC-40A66805E2B0}.Release|Any CPU.Build.0 = Release|Any CPU
		{278DCE37-2C92-4912-A124-2D7E1ADF3DD3}.Debug|Any CPU.ActiveCfg = Debug|Any CPU
		{278DCE37-2C92-4912-A124-2D7E1ADF3DD3}.Debug|Any CPU.Build.0 = Debug|Any CPU
		{278DCE37-2C92-4912-A124-2D7E1ADF3DD3}.Release|Any CPU.ActiveCfg = Release|Any CPU
		{278DCE37-2C92-4912-A124-2D7E1ADF3DD3}.Release|Any CPU.Build.0 = Release|Any CPU
		{7E53AB2B-85D9-4FEA-8965-7166B93FB9DA}.Debug|Any CPU.ActiveCfg = Debug|Any CPU
		{7E53AB2B-85D9-4FEA-8965-7166B93FB9DA}.Debug|Any CPU.Build.0 = Debug|Any CPU
		{7E53AB2B-85D9-4FEA-8965-7166B93FB9DA}.Release|Any CPU.ActiveCfg = Release|Any CPU
		{7E53AB2B-85D9-4FEA-8965-7166B93FB9DA}.Release|Any CPU.Build.0 = Release|Any CPU
		{746088BF-8DCC-4453-B577-CC823D664220}.Debug|Any CPU.ActiveCfg = Debug|Any CPU
		{746088BF-8DCC-4453-B577-CC823D664220}.Debug|Any CPU.Build.0 = Debug|Any CPU
		{746088BF-8DCC-4453-B577-CC823D664220}.Release|Any CPU.ActiveCfg = Release|Any CPU
		{746088BF-8DCC-4453-B577-CC823D664220}.Release|Any CPU.Build.0 = Release|Any CPU
	EndGlobalSection
	GlobalSection(SolutionProperties) = preSolution
		HideSolutionNode = FALSE
	EndGlobalSection
	GlobalSection(NestedProjects) = preSolution
		{588D54E8-2A88-43F2-AF7F-B8BC59749E51} = {463F0451-D80A-458F-A0B7-F34F51144A6F}
		{C164A3E9-4FCE-428F-B7CC-40A66805E2B0} = {463F0451-D80A-458F-A0B7-F34F51144A6F}
		{278DCE37-2C92-4912-A124-2D7E1ADF3DD3} = {463F0451-D80A-458F-A0B7-F34F51144A6F}
		{7E53AB2B-85D9-4FEA-8965-7166B93FB9DA} = {463F0451-D80A-458F-A0B7-F34F51144A6F}
		{746088BF-8DCC-4453-B577-CC823D664220} = {463F0451-D80A-458F-A0B7-F34F51144A6F}
	EndGlobalSection
	GlobalSection(ExtensibilityGlobals) = postSolution
		SolutionGuid = {C3715867-843D-4469-87BD-E9B66356B3A7}
	EndGlobalSection
EndGlobal
